
Microsoft Visual Studio Solution File, Format Version 12.00
# Visual Studio Version 16
VisualStudioVersion = 16.0.29215.179
MinimumVisualStudioVersion = 10.0.40219.1
Project("{8BC9CEB8-8B4A-11D0-8D11-00A0C91BC942}") = "Masts", "Masts\Masts.vcxproj", "{5067D726-CDBF-4F05-9B97-4BD28C4590A0}"
EndProject
Project("{8BC9CEB8-8B4A-11D0-8D11-00A0C91BC942}") = "MastsWG", "MastsWG\MastsWG.vcxproj", "{0785877A-BCCC-4F46-A06E-5507C520C799}"
EndProject
Project("{8BC9CEB8-8B4A-11D0-8D11-00A0C91BC942}") = "Generator", "Generator\Generator.vcxproj", "{679A119F-0395-4B52-9999-B9FDB8351AAC}"
EndProject
Global
	GlobalSection(SolutionConfigurationPlatforms) = preSolution
		Debug|x64 = Debug|x64
		Debug|x86 = Debug|x86
		Release|x64 = Release|x64
		Release|x86 = Release|x86
	EndGlobalSection
	GlobalSection(ProjectConfigurationPlatforms) = postSolution
		{5067D726-CDBF-4F05-9B97-4BD28C4590A0}.Debug|x64.ActiveCfg = Debug|x64
		{5067D726-CDBF-4F05-9B97-4BD28C4590A0}.Debug|x64.Build.0 = Debug|x64
		{5067D726-CDBF-4F05-9B97-4BD28C4590A0}.Debug|x86.ActiveCfg = Debug|Win32
		{5067D726-CDBF-4F05-9B97-4BD28C4590A0}.Debug|x86.Build.0 = Debug|Win32
		{5067D726-CDBF-4F05-9B97-4BD28C4590A0}.Release|x64.ActiveCfg = Release|x64
		{5067D726-CDBF-4F05-9B97-4BD28C4590A0}.Release|x64.Build.0 = Release|x64
		{5067D726-CDBF-4F05-9B97-4BD28C4590A0}.Release|x86.ActiveCfg = Release|Win32
		{5067D726-CDBF-4F05-9B97-4BD28C4590A0}.Release|x86.Build.0 = Release|Win32
		{0785877A-BCCC-4F46-A06E-5507C520C799}.Debug|x64.ActiveCfg = Debug|x64
		{0785877A-BCCC-4F46-A06E-5507C520C799}.Debug|x64.Build.0 = Debug|x64
		{0785877A-BCCC-4F46-A06E-5507C520C799}.Debug|x86.ActiveCfg = Debug|Win32
		{0785877A-BCCC-4F46-A06E-5507C520C799}.Debug|x86.Build.0 = Debug|Win32
		{0785877A-BCCC-4F46-A06E-5507C520C799}.Release|x64.ActiveCfg = Release|x64
		{0785877A-BCCC-4F46-A06E-5507C520C799}.Release|x64.Build.0 = Release|x64
		{0785877A-BCCC-4F46-A06E-5507C520C799}.Release|x86.ActiveCfg = Release|Win32
		{0785877A-BCCC-4F46-A06E-5507C520C799}.Release|x86.Build.0 = Release|Win32
		{679A119F-0395-4B52-9999-B9FDB8351AAC}.Debug|x64.ActiveCfg = Debug|x64
		{679A119F-0395-4B52-9999-B9FDB8351AAC}.Debug|x64.Build.0 = Debug|x64
		{679A119F-0395-4B52-9999-B9FDB8351AAC}.Debug|x86.ActiveCfg = Debug|Win32
		{679A119F-0395-4B52-9999-B9FDB8351AAC}.Debug|x86.Build.0 = Debug|Win32
		{679A119F-0395-4B52-9999-B9FDB8351AAC}.Release|x64.ActiveCfg = Release|x64
		{679A119F-0395-4B52-9999-B9FDB8351AAC}.Release|x64.Build.0 = Release|x64
		{679A119F-0395-4B52-9999-B9FDB8351AAC}.Release|x86.ActiveCfg = Release|Win32
		{679A119F-0395-4B52-9999-B9FDB8351AAC}.Release|x86.Build.0 = Release|Win32
	EndGlobalSection
	GlobalSection(SolutionProperties) = preSolution
		HideSolutionNode = FALSE
	EndGlobalSection
	GlobalSection(ExtensibilityGlobals) = postSolution
		SolutionGuid = {1D3644AC-FC5A-4CBE-A902-1C4A10E596A4}
	EndGlobalSection
EndGlobal
